
Microsoft Visual Studio Solution File, Format Version 12.00
# Visual Studio Version 17
VisualStudioVersion = 17.12.35707.178 d17.12
MinimumVisualStudioVersion = 10.0.40219.1
Project("{FAE04EC0-301F-11D3-BF4B-00C04F79EFBC}") = "ConsolidatedVirtualDesktop", "src\ConsolidatedVirtualDesktop.csproj", "{4D3BC299-0788-44B1-A6C7-1A923411CBFB}"
EndProject
Global
	GlobalSection(SolutionConfigurationPlatforms) = preSolution
		Debug|Any CPU = Debug|Any CPU
		Release|Any CPU = Release|Any CPU
	EndGlobalSection
	GlobalSection(ProjectConfigurationPlatforms) = postSolution
		{4D3BC299-0788-44B1-A6C7-1A923411CBFB}.Debug|Any CPU.ActiveCfg = Debug|Any CPU
		{4D3BC299-0788-44B1-A6C7-1A923411CBFB}.Debug|Any CPU.Build.0 = Debug|Any CPU
		{4D3BC299-0788-44B1-A6C7-1A923411CBFB}.Release|Any CPU.ActiveCfg = Release|Any CPU
		{4D3BC299-0788-44B1-A6C7-1A923411CBFB}.Release|Any CPU.Build.0 = Release|Any CPU
	EndGlobalSection
	GlobalSection(SolutionProperties) = preSolution
		HideSolutionNode = FALSE
	EndGlobalSection
EndGlobal
